# This file is automatically @generated by Cargo.
# It is not intended for manual editing.
version = 3

[[package]]
name = "autocfg"
version = "1.4.0"
source = "registry+https://github.com/rust-lang/crates.io-index"
checksum = "ace50bade8e6234aa140d9a2f552bbee1db4d353f69b8217bc503490fc1a9f26"

[[package]]
name = "float-cmp"
version = "0.4.0"
source = "registry+https://github.com/rust-lang/crates.io-index"
checksum = "134a8fa843d80a51a5b77d36d42bc2def9edcb0262c914861d08129fd1926600"
dependencies = [
 "num-traits",
]

[[package]]
name = "nearly_eq"
version = "0.2.4"
source = "registry+https://github.com/rust-lang/crates.io-index"
checksum = "a629868a433328c35d654e1e1fb4648a68a042e3c71de4e507a9bcf4602c5635"

[[package]]
name = "num-traits"
version = "0.2.19"
source = "registry+https://github.com/rust-lang/crates.io-index"
checksum = "071dfc062690e90b734c0b2273ce72ad0ffa95f0c74596bc250dcfd960262841"
dependencies = [
 "autocfg",
]

[[package]]
name = "rust-tracer-in-a-weekend"
version = "0.1.0"
dependencies = [
 "vec3D",
]

[[package]]
name = "vec3D"
version = "0.3.0"
source = "registry+https://github.com/rust-lang/crates.io-index"
checksum = "cb5f69903916cf48bee25a0abe157673ebeb11264e12d8074388acde76e0246d"
dependencies = [
 "float-cmp",
 "nearly_eq",
]
